// !$*UTF8*$!
{
	archiveVersion = 1;
	classes = {
	};
	objectVersion = 50;
	objects = {

/* Begin PBXBuildFile section */
		4570EB782414BEFC00605321 /* AppDelegate.swift in Sources */ = {isa = PBXBuildFile; fileRef = 4570EB772414BEFC00605321 /* AppDelegate.swift */; };
		4570EB7A2414BEFC00605321 /* SceneDelegate.swift in Sources */ = {isa = PBXBuildFile; fileRef = 4570EB792414BEFC00605321 /* SceneDelegate.swift */; };
		4570EB7C2414BEFC00605321 /* ViewController.swift in Sources */ = {isa = PBXBuildFile; fileRef = 4570EB7B2414BEFC00605321 /* ViewController.swift */; };
		4570EB7F2414BEFC00605321 /* Main.storyboard in Resources */ = {isa = PBXBuildFile; fileRef = 4570EB7D2414BEFC00605321 /* Main.storyboard */; };
		4570EB812414BF0000605321 /* Assets.xcassets in Resources */ = {isa = PBXBuildFile; fileRef = 4570EB802414BF0000605321 /* Assets.xcassets */; };
		4570EB842414BF0000605321 /* LaunchScreen.storyboard in Resources */ = {isa = PBXBuildFile; fileRef = 4570EB822414BF0000605321 /* LaunchScreen.storyboard */; };
		4570EB8F2414BF0000605321 /* document_reader_visionkitTests.swift in Sources */ = {isa = PBXBuildFile; fileRef = 4570EB8E2414BF0000605321 /* document_reader_visionkitTests.swift */; };
		4570EB9A2414BF0000605321 /* document_reader_visionkitUITests.swift in Sources */ = {isa = PBXBuildFile; fileRef = 4570EB992414BF0000605321 /* document_reader_visionkitUITests.swift */; };
/* End PBXBuildFile section */

/* Begin PBXContainerItemProxy section */
		4570EB8B2414BF0000605321 /* PBXContainerItemProxy */ = {
			isa = PBXContainerItemProxy;
			containerPortal = 4570EB6C2414BEFC00605321 /* Project object */;
			proxyType = 1;
			remoteGlobalIDString = 4570EB732414BEFC00605321;
			remoteInfo = "document-reader-visionkit";
		};
		4570EB962414BF0000605321 /* PBXContainerItemProxy */ = {
			isa = PBXContainerItemProxy;
			containerPortal = 4570EB6C2414BEFC00605321 /* Project object */;
			proxyType = 1;
			remoteGlobalIDString = 4570EB732414BEFC00605321;
			remoteInfo = "document-reader-visionkit";
		};
/* End PBXContainerItemProxy section */

/* Begin PBXFileReference section */
		4570EB742414BEFC00605321 /* document-reader-visionkit.app */ = {isa = PBXFileReference; explicitFileType = wrapper.application; includeInIndex = 0; path = "document-reader-visionkit.app"; sourceTree = BUILT_PRODUCTS_DIR; };
		4570EB772414BEFC00605321 /* AppDelegate.swift */ = {isa = PBXFileReference; lastKnownFileType = sourcecode.swift; path = AppDelegate.swift; sourceTree = "<group>"; };
		4570EB792414BEFC00605321 /* SceneDelegate.swift */ = {isa = PBXFileReference; lastKnownFileType = sourcecode.swift; path = SceneDelegate.swift; sourceTree = "<group>"; };
		4570EB7B2414BEFC00605321 /* ViewController.swift */ = {isa = PBXFileReference; lastKnownFileType = sourcecode.swift; path = ViewController.swift; sourceTree = "<group>"; };
		4570EB7E2414BEFC00605321 /* Base */ = {isa = PBXFileReference; lastKnownFileType = file.storyboard; name = Base; path = Base.lproj/Main.storyboard; sourceTree = "<group>"; };
		4570EB802414BF0000605321 /* Assets.xcassets */ = {isa = PBXFileReference; lastKnownFileType = folder.assetcatalog; path = Assets.xcassets; sourceTree = "<group>"; };
		4570EB832414BF0000605321 /* Base */ = {isa = PBXFileReference; lastKnownFileType = file.storyboard; name = Base; path = Base.lproj/LaunchScreen.storyboard; sourceTree = "<group>"; };
		4570EB852414BF0000605321 /* Info.plist */ = {isa = PBXFileReference; lastKnownFileType = text.plist.xml; path = Info.plist; sourceTree = "<group>"; };
		4570EB8A2414BF0000605321 /* document-reader-visionkitTests.xctest */ = {isa = PBXFileReference; explicitFileType = wrapper.cfbundle; includeInIndex = 0; path = "document-reader-visionkitTests.xctest"; sourceTree = BUILT_PRODUCTS_DIR; };
		4570EB8E2414BF0000605321 /* document_reader_visionkitTests.swift */ = {isa = PBXFileReference; lastKnownFileType = sourcecode.swift; path = document_reader_visionkitTests.swift; sourceTree = "<group>"; };
		4570EB902414BF0000605321 /* Info.plist */ = {isa = PBXFileReference; lastKnownFileType = text.plist.xml; path = Info.plist; sourceTree = "<group>"; };
		4570EB952414BF0000605321 /* document-reader-visionkitUITests.xctest */ = {isa = PBXFileReference; explicitFileType = wrapper.cfbundle; includeInIndex = 0; path = "document-reader-visionkitUITests.xctest"; sourceTree = BUILT_PRODUCTS_DIR; };
		4570EB992414BF0000605321 /* document_reader_visionkitUITests.swift */ = {isa = PBXFileReference; lastKnownFileType = sourcecode.swift; path = document_reader_visionkitUITests.swift; sourceTree = "<group>"; };
		4570EB9B2414BF0000605321 /* Info.plist */ = {isa = PBXFileReference; lastKnownFileType = text.plist.xml; path = Info.plist; sourceTree = "<group>"; };
/* End PBXFileReference section */

/* Begin PBXFrameworksBuildPhase section */
		4570EB712414BEFC00605321 /* Frameworks */ = {
			isa = PBXFrameworksBuildPhase;
			buildActionMask = 2147483647;
			files = (
			);
			runOnlyForDeploymentPostprocessing = 0;
		};
		4570EB872414BF0000605321 /* Frameworks */ = {
			isa = PBXFrameworksBuildPhase;
			buildActionMask = 2147483647;
			files = (
			);
			runOnlyForDeploymentPostprocessing = 0;
		};
		4570EB922414BF0000605321 /* Frameworks */ = {
			isa = PBXFrameworksBuildPhase;
			buildActionMask = 2147483647;
			files = (
			);
			runOnlyForDeploymentPostprocessing = 0;
		};
/* End PBXFrameworksBuildPhase section */

/* Begin PBXGroup section */
		4570EB6B2414BEFC00605321 = {
			isa = PBXGroup;
			children = (
				4570EB762414BEFC00605321 /* document-reader-visionkit */,
				4570EB8D2414BF0000605321 /* document-reader-visionkitTests */,
				4570EB982414BF0000605321 /* document-reader-visionkitUITests */,
				4570EB752414BEFC00605321 /* Products */,
			);
			sourceTree = "<group>";
		};
		4570EB752414BEFC00605321 /* Products */ = {
			isa = PBXGroup;
			children = (
				4570EB742414BEFC00605321 /* document-reader-visionkit.app */,
				4570EB8A2414BF0000605321 /* document-reader-visionkitTests.xctest */,
				4570EB952414BF0000605321 /* document-reader-visionkitUITests.xctest */,
			);
			name = Products;
			sourceTree = "<group>";
		};
		4570EB762414BEFC00605321 /* document-reader-visionkit */ = {
			isa = PBXGroup;
			children = (
				4570EB772414BEFC00605321 /* AppDelegate.swift */,
				4570EB792414BEFC00605321 /* SceneDelegate.swift */,
				4570EB7B2414BEFC00605321 /* ViewController.swift */,
				4570EB7D2414BEFC00605321 /* Main.storyboard */,
				4570EB802414BF0000605321 /* Assets.xcassets */,
				4570EB822414BF0000605321 /* LaunchScreen.storyboard */,
				4570EB852414BF0000605321 /* Info.plist */,
			);
			path = "document-reader-visionkit";
			sourceTree = "<group>";
		};
		4570EB8D2414BF0000605321 /* document-reader-visionkitTests */ = {
			isa = PBXGroup;
			children = (
				4570EB8E2414BF0000605321 /* document_reader_visionkitTests.swift */,
				4570EB902414BF0000605321 /* Info.plist */,
			);
			path = "document-reader-visionkitTests";
			sourceTree = "<group>";
		};
		4570EB982414BF0000605321 /* document-reader-visionkitUITests */ = {
			isa = PBXGroup;
			children = (
				4570EB992414BF0000605321 /* document_reader_visionkitUITests.swift */,
				4570EB9B2414BF0000605321 /* Info.plist */,
			);
			path = "document-reader-visionkitUITests";
			sourceTree = "<group>";
		};
/* End PBXGroup section */

/* Begin PBXNativeTarget section */
		4570EB732414BEFC00605321 /* document-reader-visionkit */ = {
			isa = PBXNativeTarget;
			buildConfigurationList = 4570EB9E2414BF0000605321 /* Build configuration list for PBXNativeTarget "document-reader-visionkit" */;
			buildPhases = (
				4570EB702414BEFC00605321 /* Sources */,
				4570EB712414BEFC00605321 /* Frameworks */,
				4570EB722414BEFC00605321 /* Resources */,
			);
			buildRules = (
			);
			dependencies = (
			);
			name = "document-reader-visionkit";
			productName = "document-reader-visionkit";
			productReference = 4570EB742414BEFC00605321 /* document-reader-visionkit.app */;
			productType = "com.apple.product-type.application";
		};
		4570EB892414BF0000605321 /* document-reader-visionkitTests */ = {
			isa = PBXNativeTarget;
			buildConfigurationList = 4570EBA12414BF0000605321 /* Build configuration list for PBXNativeTarget "document-reader-visionkitTests" */;
			buildPhases = (
				4570EB862414BF0000605321 /* Sources */,
				4570EB872414BF0000605321 /* Frameworks */,
				4570EB882414BF0000605321 /* Resources */,
			);
			buildRules = (
			);
			dependencies = (
				4570EB8C2414BF0000605321 /* PBXTargetDependency */,
			);
			name = "document-reader-visionkitTests";
			productName = "document-reader-visionkitTests";
			productReference = 4570EB8A2414BF0000605321 /* document-reader-visionkitTests.xctest */;
			productType = "com.apple.product-type.bundle.unit-test";
		};
		4570EB942414BF0000605321 /* document-reader-visionkitUITests */ = {
			isa = PBXNativeTarget;
			buildConfigurationList = 4570EBA42414BF0000605321 /* Build configuration list for PBXNativeTarget "document-reader-visionkitUITests" */;
			buildPhases = (
				4570EB912414BF0000605321 /* Sources */,
				4570EB922414BF0000605321 /* Frameworks */,
				4570EB932414BF0000605321 /* Resources */,
			);
			buildRules = (
			);
			dependencies = (
				4570EB972414BF0000605321 /* PBXTargetDependency */,
			);
			name = "document-reader-visionkitUITests";
			productName = "document-reader-visionkitUITests";
			productReference = 4570EB952414BF0000605321 /* document-reader-visionkitUITests.xctest */;
			productType = "com.apple.product-type.bundle.ui-testing";
		};
/* End PBXNativeTarget section */

/* Begin PBXProject section */
		4570EB6C2414BEFC00605321 /* Project object */ = {
			isa = PBXProject;
			attributes = {
				LastSwiftUpdateCheck = 1120;
				LastUpgradeCheck = 1120;
				ORGANIZATIONNAME = "Wiljay Flores";
				TargetAttributes = {
					4570EB732414BEFC00605321 = {
						CreatedOnToolsVersion = 11.2;
					};
					4570EB892414BF0000605321 = {
						CreatedOnToolsVersion = 11.2;
						TestTargetID = 4570EB732414BEFC00605321;
					};
					4570EB942414BF0000605321 = {
						CreatedOnToolsVersion = 11.2;
						TestTargetID = 4570EB732414BEFC00605321;
					};
				};
			};
			buildConfigurationList = 4570EB6F2414BEFC00605321 /* Build configuration list for PBXProject "document-reader-visionkit" */;
			compatibilityVersion = "Xcode 9.3";
			developmentRegion = en;
			hasScannedForEncodings = 0;
			knownRegions = (
				en,
				Base,
			);
			mainGroup = 4570EB6B2414BEFC00605321;
			productRefGroup = 4570EB752414BEFC00605321 /* Products */;
			projectDirPath = "";
			projectRoot = "";
			targets = (
				4570EB732414BEFC00605321 /* document-reader-visionkit */,
				4570EB892414BF0000605321 /* document-reader-visionkitTests */,
				4570EB942414BF0000605321 /* document-reader-visionkitUITests */,
			);
		};
/* End PBXProject section */

/* Begin PBXResourcesBuildPhase section */
		4570EB722414BEFC00605321 /* Resources */ = {
			isa = PBXResourcesBuildPhase;
			buildActionMask = 2147483647;
			files = (
				4570EB842414BF0000605321 /* LaunchScreen.storyboard in Resources */,
				4570EB812414BF0000605321 /* Assets.xcassets in Resources */,
				4570EB7F2414BEFC00605321 /* Main.storyboard in Resources */,
			);
			runOnlyForDeploymentPostprocessing = 0;
		};
		4570EB882414BF0000605321 /* Resources */ = {
			isa = PBXResourcesBuildPhase;
			buildActionMask = 2147483647;
			files = (
			);
			runOnlyForDeploymentPostprocessing = 0;
		};
		4570EB932414BF0000605321 /* Resources */ = {
			isa = PBXResourcesBuildPhase;
			buildActionMask = 2147483647;
			files = (
			);
			runOnlyForDeploymentPostprocessing = 0;
		};
/* End PBXResourcesBuildPhase section */

/* Begin PBXSourcesBuildPhase section */
		4570EB702414BEFC00605321 /* Sources */ = {
			isa = PBXSourcesBuildPhase;
			buildActionMask = 2147483647;
			files = (
				4570EB7C2414BEFC00605321 /* ViewController.swift in Sources */,
				4570EB782414BEFC00605321 /* AppDelegate.swift in Sources */,
				4570EB7A2414BEFC00605321 /* SceneDelegate.swift in Sources */,
			);
			runOnlyForDeploymentPostprocessing = 0;
		};
		4570EB862414BF0000605321 /* Sources */ = {
			isa = PBXSourcesBuildPhase;
			buildActionMask = 2147483647;
			files = (
				4570EB8F2414BF0000605321 /* document_reader_visionkitTests.swift in Sources */,
			);
			runOnlyForDeploymentPostprocessing = 0;
		};
		4570EB912414BF0000605321 /* Sources */ = {
			isa = PBXSourcesBuildPhase;
			buildActionMask = 2147483647;
			files = (
				4570EB9A2414BF0000605321 /* document_reader_visionkitUITests.swift in Sources */,
			);
			runOnlyForDeploymentPostprocessing = 0;
		};
/* End PBXSourcesBuildPhase section */

/* Begin PBXTargetDependency section */
		4570EB8C2414BF0000605321 /* PBXTargetDependency */ = {
			isa = PBXTargetDependency;
			target = 4570EB732414BEFC00605321 /* document-reader-visionkit */;
			targetProxy = 4570EB8B2414BF0000605321 /* PBXContainerItemProxy */;
		};
		4570EB972414BF0000605321 /* PBXTargetDependency */ = {
			isa = PBXTargetDependency;
			target = 4570EB732414BEFC00605321 /* document-reader-visionkit */;
			targetProxy = 4570EB962414BF0000605321 /* PBXContainerItemProxy */;
		};
/* End PBXTargetDependency section */

/* Begin PBXVariantGroup section */
		4570EB7D2414BEFC00605321 /* Main.storyboard */ = {
			isa = PBXVariantGroup;
			children = (
				4570EB7E2414BEFC00605321 /* Base */,
			);
			name = Main.storyboard;
			sourceTree = "<group>";
		};
		4570EB822414BF0000605321 /* LaunchScreen.storyboard */ = {
			isa = PBXVariantGroup;
			children = (
				4570EB832414BF0000605321 /* Base */,
			);
			name = LaunchScreen.storyboard;
			sourceTree = "<group>";
		};
/* End PBXVariantGroup section */

/* Begin XCBuildConfiguration section */
		4570EB9C2414BF0000605321 /* Debug */ = {
			isa = XCBuildConfiguration;
			buildSettings = {
				ALWAYS_SEARCH_USER_PATHS = NO;
				CLANG_ANALYZER_NONNULL = YES;
				CLANG_ANALYZER_NUMBER_OBJECT_CONVERSION = YES_AGGRESSIVE;
				CLANG_CXX_LANGUAGE_STANDARD = "gnu++14";
				CLANG_CXX_LIBRARY = "libc++";
				CLANG_ENABLE_MODULES = YES;
				CLANG_ENABLE_OBJC_ARC = YES;
				CLANG_ENABLE_OBJC_WEAK = YES;
				CLANG_WARN_BLOCK_CAPTURE_AUTORELEASING = YES;
				CLANG_WARN_BOOL_CONVERSION = YES;
				CLANG_WARN_COMMA = YES;
				CLANG_WARN_CONSTANT_CONVERSION = YES;
				CLANG_WARN_DEPRECATED_OBJC_IMPLEMENTATIONS = YES;
				CLANG_WARN_DIRECT_OBJC_ISA_USAGE = YES_ERROR;
				CLANG_WARN_DOCUMENTATION_COMMENTS = YES;
				CLANG_WARN_EMPTY_BODY = YES;
				CLANG_WARN_ENUM_CONVERSION = YES;
				CLANG_WARN_INFINITE_RECURSION = YES;
				CLANG_WARN_INT_CONVERSION = YES;
				CLANG_WARN_NON_LITERAL_NULL_CONVERSION = YES;
				CLANG_WARN_OBJC_IMPLICIT_RETAIN_SELF = YES;
				CLANG_WARN_OBJC_LITERAL_CONVERSION = YES;
				CLANG_WARN_OBJC_ROOT_CLASS = YES_ERROR;
				CLANG_WARN_RANGE_LOOP_ANALYSIS = YES;
				CLANG_WARN_STRICT_PROTOTYPES = YES;
				CLANG_WARN_SUSPICIOUS_MOVE = YES;
				CLANG_WARN_UNGUARDED_AVAILABILITY = YES_AGGRESSIVE;
				CLANG_WARN_UNREACHABLE_CODE = YES;
				CLANG_WARN__DUPLICATE_METHOD_MATCH = YES;
				COPY_PHASE_STRIP = NO;
				DEBUG_INFORMATION_FORMAT = dwarf;
				ENABLE_STRICT_OBJC_MSGSEND = YES;
				ENABLE_TESTABILITY = YES;
				GCC_C_LANGUAGE_STANDARD = gnu11;
				GCC_DYNAMIC_NO_PIC = NO;
				GCC_NO_COMMON_BLOCKS = YES;
				GCC_OPTIMIZATION_LEVEL = 0;
				GCC_PREPROCESSOR_DEFINITIONS = (
					"DEBUG=1",
					"$(inherited)",
				);
				GCC_WARN_64_TO_32_BIT_CONVERSION = YES;
				GCC_WARN_ABOUT_RETURN_TYPE = YES_ERROR;
				GCC_WARN_UNDECLARED_SELECTOR = YES;
				GCC_WARN_UNINITIALIZED_AUTOS = YES_AGGRESSIVE;
				GCC_WARN_UNUSED_FUNCTION = YES;
				GCC_WARN_UNUSED_VARIABLE = YES;
				IPHONEOS_DEPLOYMENT_TARGET = 13.2;
				MTL_ENABLE_DEBUG_INFO = INCLUDE_SOURCE;
				MTL_FAST_MATH = YES;
				ONLY_ACTIVE_ARCH = YES;
				SDKROOT = iphoneos;
				SWIFT_ACTIVE_COMPILATION_CONDITIONS = DEBUG;
				SWIFT_OPTIMIZATION_LEVEL = "-Onone";
			};
			name = Debug;
		};
		4570EB9D2414BF0000605321 /* Release */ = {
			isa = XCBuildConfiguration;
			buildSettings = {
				ALWAYS_SEARCH_USER_PATHS = NO;
				CLANG_ANALYZER_NONNULL = YES;
				CLANG_ANALYZER_NUMBER_OBJECT_CONVERSION = YES_AGGRESSIVE;
				CLANG_CXX_LANGUAGE_STANDARD = "gnu++14";
				CLANG_CXX_LIBRARY = "libc++";
				CLANG_ENABLE_MODULES = YES;
				CLANG_ENABLE_OBJC_ARC = YES;
				CLANG_ENABLE_OBJC_WEAK = YES;
				CLANG_WARN_BLOCK_CAPTURE_AUTORELEASING = YES;
				CLANG_WARN_BOOL_CONVERSION = YES;
				CLANG_WARN_COMMA = YES;
				CLANG_WARN_CONSTANT_CONVERSION = YES;
				CLANG_WARN_DEPRECATED_OBJC_IMPLEMENTATIONS = YES;
				CLANG_WARN_DIRECT_OBJC_ISA_USAGE = YES_ERROR;
				CLANG_WARN_DOCUMENTATION_COMMENTS = YES;
				CLANG_WARN_EMPTY_BODY = YES;
				CLANG_WARN_ENUM_CONVERSION = YES;
				CLANG_WARN_INFINITE_RECURSION = YES;
				CLANG_WARN_INT_CONVERSION = YES;
				CLANG_WARN_NON_LITERAL_NULL_CONVERSION = YES;
				CLANG_WARN_OBJC_IMPLICIT_RETAIN_SELF = YES;
				CLANG_WARN_OBJC_LITERAL_CONVERSION = YES;
				CLANG_WARN_OBJC_ROOT_CLASS = YES_ERROR;
				CLANG_WARN_RANGE_LOOP_ANALYSIS = YES;
				CLANG_WARN_STRICT_PROTOTYPES = YES;
				CLANG_WARN_SUSPICIOUS_MOVE = YES;
				CLANG_WARN_UNGUARDED_AVAILABILITY = YES_AGGRESSIVE;
				CLANG_WARN_UNREACHABLE_CODE = YES;
				CLANG_WARN__DUPLICATE_METHOD_MATCH = YES;
				COPY_PHASE_STRIP = NO;
				DEBUG_INFORMATION_FORMAT = "dwarf-with-dsym";
				ENABLE_NS_ASSERTIONS = NO;
				ENABLE_STRICT_OBJC_MSGSEND = YES;
				GCC_C_LANGUAGE_STANDARD = gnu11;
				GCC_NO_COMMON_BLOCKS = YES;
				GCC_WARN_64_TO_32_BIT_CONVERSION = YES;
				GCC_WARN_ABOUT_RETURN_TYPE = YES_ERROR;
				GCC_WARN_UNDECLARED_SELECTOR = YES;
				GCC_WARN_UNINITIALIZED_AUTOS = YES_AGGRESSIVE;
				GCC_WARN_UNUSED_FUNCTION = YES;
				GCC_WARN_UNUSED_VARIABLE = YES;
				IPHONEOS_DEPLOYMENT_TARGET = 13.2;
				MTL_ENABLE_DEBUG_INFO = NO;
				MTL_FAST_MATH = YES;
				SDKROOT = iphoneos;
				SWIFT_COMPILATION_MODE = wholemodule;
				SWIFT_OPTIMIZATION_LEVEL = "-O";
				VALIDATE_PRODUCT = YES;
			};
			name = Release;
		};
		4570EB9F2414BF0000605321 /* Debug */ = {
			isa = XCBuildConfiguration;
			buildSettings = {
				ASSETCATALOG_COMPILER_APPICON_NAME = AppIcon;
				CODE_SIGN_STYLE = Automatic;
				DEVELOPMENT_TEAM = PQYWQB75M5;
				INFOPLIST_FILE = "document-reader-visionkit/Info.plist";
				LD_RUNPATH_SEARCH_PATHS = (
					"$(inherited)",
					"@executable_path/Frameworks",
				);
				PRODUCT_BUNDLE_IDENTIFIER = "com.wiljay.document-reader-visionkit";
				PRODUCT_NAME = "$(TARGET_NAME)";
				SWIFT_VERSION = 5.0;
				TARGETED_DEVICE_FAMILY = "1,2";
			};
			name = Debug;
		};
		4570EBA02414BF0000605321 /* Release */ = {
			isa = XCBuildConfiguration;
			buildSettings = {
				ASSETCATALOG_COMPILER_APPICON_NAME = AppIcon;
				CODE_SIGN_STYLE = Automatic;
				DEVELOPMENT_TEAM = PQYWQB75M5;
				INFOPLIST_FILE = "document-reader-visionkit/Info.plist";
				LD_RUNPATH_SEARCH_PATHS = (
					"$(inherited)",
					"@executable_path/Frameworks",
				);
				PRODUCT_BUNDLE_IDENTIFIER = "com.wiljay.document-reader-visionkit";
				PRODUCT_NAME = "$(TARGET_NAME)";
				SWIFT_VERSION = 5.0;
				TARGETED_DEVICE_FAMILY = "1,2";
			};
			name = Release;
		};
		4570EBA22414BF0000605321 /* Debug */ = {
			isa = XCBuildConfiguration;
			buildSettings = {
				ALWAYS_EMBED_SWIFT_STANDARD_LIBRARIES = YES;
				BUNDLE_LOADER = "$(TEST_HOST)";
				CODE_SIGN_STYLE = Automatic;
				DEVELOPMENT_TEAM = PQYWQB75M5;
				INFOPLIST_FILE = "document-reader-visionkitTests/Info.plist";
				IPHONEOS_DEPLOYMENT_TARGET = 13.2;
				LD_RUNPATH_SEARCH_PATHS = (
					"$(inherited)",
					"@executable_path/Frameworks",
					"@loader_path/Frameworks",
				);
				PRODUCT_BUNDLE_IDENTIFIER = "com.wiljay.document-reader-visionkitTests";
				PRODUCT_NAME = "$(TARGET_NAME)";
				SWIFT_VERSION = 5.0;
				TARGETED_DEVICE_FAMILY = "1,2";
				TEST_HOST = "$(BUILT_PRODUCTS_DIR)/document-reader-visionkit.app/document-reader-visionkit";
			};
			name = Debug;
		};
		4570EBA32414BF0000605321 /* Release */ = {
			isa = XCBuildConfiguration;
			buildSettings = {
				ALWAYS_EMBED_SWIFT_STANDARD_LIBRARIES = YES;
				BUNDLE_LOADER = "$(TEST_HOST)";
				CODE_SIGN_STYLE = Automatic;
				DEVELOPMENT_TEAM = PQYWQB75M5;
				INFOPLIST_FILE = "document-reader-visionkitTests/Info.plist";
				IPHONEOS_DEPLOYMENT_TARGET = 13.2;
				LD_RUNPATH_SEARCH_PATHS = (
					"$(inherited)",
					"@executable_path/Frameworks",
					"@loader_path/Frameworks",
				);
				PRODUCT_BUNDLE_IDENTIFIER = "com.wiljay.document-reader-visionkitTests";
				PRODUCT_NAME = "$(TARGET_NAME)";
				SWIFT_VERSION = 5.0;
				TARGETED_DEVICE_FAMILY = "1,2";
				TEST_HOST = "$(BUILT_PRODUCTS_DIR)/document-reader-visionkit.app/document-reader-visionkit";
			};
			name = Release;
		};
		4570EBA52414BF0000605321 /* Debug */ = {
			isa = XCBuildConfiguration;
			buildSettings = {
				ALWAYS_EMBED_SWIFT_STANDARD_LIBRARIES = YES;
				CODE_SIGN_STYLE = Automatic;
				DEVELOPMENT_TEAM = PQYWQB75M5;
				INFOPLIST_FILE = "document-reader-visionkitUITests/Info.plist";
				LD_RUNPATH_SEARCH_PATHS = (
					"$(inherited)",
					"@executable_path/Frameworks",
					"@loader_path/Frameworks",
				);
				PRODUCT_BUNDLE_IDENTIFIER = "com.wiljay.document-reader-visionkitUITests";
				PRODUCT_NAME = "$(TARGET_NAME)";
				SWIFT_VERSION = 5.0;
				TARGETED_DEVICE_FAMILY = "1,2";
				TEST_TARGET_NAME = "document-reader-visionkit";
			};
			name = Debug;
		};
		4570EBA62414BF0000605321 /* Release */ = {
			isa = XCBuildConfiguration;
			buildSettings = {
				ALWAYS_EMBED_SWIFT_STANDARD_LIBRARIES = YES;
				CODE_SIGN_STYLE = Automatic;
				DEVELOPMENT_TEAM = PQYWQB75M5;
				INFOPLIST_FILE = "document-reader-visionkitUITests/Info.plist";
				LD_RUNPATH_SEARCH_PATHS = (
					"$(inherited)",
					"@executable_path/Frameworks",
					"@loader_path/Frameworks",
				);
				PRODUCT_BUNDLE_IDENTIFIER = "com.wiljay.document-reader-visionkitUITests";
				PRODUCT_NAME = "$(TARGET_NAME)";
				SWIFT_VERSION = 5.0;
				TARGETED_DEVICE_FAMILY = "1,2";
				TEST_TARGET_NAME = "document-reader-visionkit";
			};
			name = Release;
		};
/* End XCBuildConfiguration section */

/* Begin XCConfigurationList section */
		4570EB6F2414BEFC00605321 /* Build configuration list for PBXProject "document-reader-visionkit" */ = {
			isa = XCConfigurationList;
			buildConfigurations = (
				4570EB9C2414BF0000605321 /* Debug */,
				4570EB9D2414BF0000605321 /* Release */,
			);
			defaultConfigurationIsVisible = 0;
			defaultConfigurationName = Release;
		};
		4570EB9E2414BF0000605321 /* Build configuration list for PBXNativeTarget "document-reader-visionkit" */ = {
			isa = XCConfigurationList;
			buildConfigurations = (
				4570EB9F2414BF0000605321 /* Debug */,
				4570EBA02414BF0000605321 /* Release */,
			);
			defaultConfigurationIsVisible = 0;
			defaultConfigurationName = Release;
		};
		4570EBA12414BF0000605321 /* Build configuration list for PBXNativeTarget "document-reader-visionkitTests" */ = {
			isa = XCConfigurationList;
			buildConfigurations = (
				4570EBA22414BF0000605321 /* Debug */,
				4570EBA32414BF0000605321 /* Release */,
			);
			defaultConfigurationIsVisible = 0;
			defaultConfigurationName = Release;
		};
		4570EBA42414BF0000605321 /* Build configuration list for PBXNativeTarget "document-reader-visionkitUITests" */ = {
			isa = XCConfigurationList;
			buildConfigurations = (
				4570EBA52414BF0000605321 /* Debug */,
				4570EBA62414BF0000605321 /* Release */,
			);
			defaultConfigurationIsVisible = 0;
			defaultConfigurationName = Release;
		};
/* End XCConfigurationList section */
	};
	rootObject = 4570EB6C2414BEFC00605321 /* Project object */;
}
